// !$*UTF8*$!
{
	archiveVersion = 1;
	classes = {
	};
	objectVersion = 46;
	objects = {

/* Begin PBXBuildFile section */
		7B8E46701BBAE0DC0081DCCB /* AppDelegate.swift in Sources */ = {isa = PBXBuildFile; fileRef = 7B8E466F1BBAE0DC0081DCCB /* AppDelegate.swift */; };
		7B8E46771BBAE0DC0081DCCB /* Assets.xcassets in Resources */ = {isa = PBXBuildFile; fileRef = 7B8E46761BBAE0DC0081DCCB /* Assets.xcassets */; };
		7B8E46851BBAE0DC0081DCCB /* CourseraTests.swift in Sources */ = {isa = PBXBuildFile; fileRef = 7B8E46841BBAE0DC0081DCCB /* CourseraTests.swift */; };
		7B8E46901BBAE0DC0081DCCB /* CourseraUITests.swift in Sources */ = {isa = PBXBuildFile; fileRef = 7B8E468F1BBAE0DC0081DCCB /* CourseraUITests.swift */; };
		7BBF6FA21BBBF36900ADD0BA /* MainTabBar.swift in Sources */ = {isa = PBXBuildFile; fileRef = 7BBF6FA11BBBF36900ADD0BA /* MainTabBar.swift */; settings = {ASSET_TAGS = (); }; };
		7BC09BFA1BBAF6EA003A4A0F /* MainViewController.swift in Sources */ = {isa = PBXBuildFile; fileRef = 7BC09BF91BBAF6EA003A4A0F /* MainViewController.swift */; settings = {ASSET_TAGS = (); }; };
		7BC09BFC1BBAF71A003A4A0F /* HomeTableViewController.swift in Sources */ = {isa = PBXBuildFile; fileRef = 7BC09BFB1BBAF71A003A4A0F /* HomeTableViewController.swift */; settings = {ASSET_TAGS = (); }; };
		7BC09BFE1BBAF742003A4A0F /* DiscoverTableViewController.swift in Sources */ = {isa = PBXBuildFile; fileRef = 7BC09BFD1BBAF742003A4A0F /* DiscoverTableViewController.swift */; settings = {ASSET_TAGS = (); }; };
		7BC09C001BBAF751003A4A0F /* MessageTableViewController.swift in Sources */ = {isa = PBXBuildFile; fileRef = 7BC09BFF1BBAF751003A4A0F /* MessageTableViewController.swift */; settings = {ASSET_TAGS = (); }; };
		7BC09C021BBAF761003A4A0F /* ProfileTableViewController.swift in Sources */ = {isa = PBXBuildFile; fileRef = 7BC09C011BBAF761003A4A0F /* ProfileTableViewController.swift */; settings = {ASSET_TAGS = (); }; };
/* End PBXBuildFile section */

/* Begin PBXContainerItemProxy section */
		7B8E46811BBAE0DC0081DCCB /* PBXContainerItemProxy */ = {
			isa = PBXContainerItemProxy;
			containerPortal = 7B8E46641BBAE0DB0081DCCB /* Project object */;
			proxyType = 1;
			remoteGlobalIDString = 7B8E466B1BBAE0DB0081DCCB;
			remoteInfo = Coursera;
		};
		7B8E468C1BBAE0DC0081DCCB /* PBXContainerItemProxy */ = {
			isa = PBXContainerItemProxy;
			containerPortal = 7B8E46641BBAE0DB0081DCCB /* Project object */;
			proxyType = 1;
			remoteGlobalIDString = 7B8E466B1BBAE0DB0081DCCB;
			remoteInfo = Coursera;
		};
/* End PBXContainerItemProxy section */

/* Begin PBXFileReference section */
		7B8E466C1BBAE0DC0081DCCB /* Coursera.app */ = {isa = PBXFileReference; explicitFileType = wrapper.application; includeInIndex = 0; path = Coursera.app; sourceTree = BUILT_PRODUCTS_DIR; };
		7B8E466F1BBAE0DC0081DCCB /* AppDelegate.swift */ = {isa = PBXFileReference; lastKnownFileType = sourcecode.swift; path = AppDelegate.swift; sourceTree = "<group>"; };
		7B8E46761BBAE0DC0081DCCB /* Assets.xcassets */ = {isa = PBXFileReference; lastKnownFileType = folder.assetcatalog; path = Assets.xcassets; sourceTree = "<group>"; };
		7B8E467B1BBAE0DC0081DCCB /* Info.plist */ = {isa = PBXFileReference; lastKnownFileType = text.plist.xml; path = Info.plist; sourceTree = "<group>"; };
		7B8E46801BBAE0DC0081DCCB /* CourseraTests.xctest */ = {isa = PBXFileReference; explicitFileType = wrapper.cfbundle; includeInIndex = 0; path = CourseraTests.xctest; sourceTree = BUILT_PRODUCTS_DIR; };
		7B8E46841BBAE0DC0081DCCB /* CourseraTests.swift */ = {isa = PBXFileReference; lastKnownFileType = sourcecode.swift; path = CourseraTests.swift; sourceTree = "<group>"; };
		7B8E46861BBAE0DC0081DCCB /* Info.plist */ = {isa = PBXFileReference; lastKnownFileType = text.plist.xml; path = Info.plist; sourceTree = "<group>"; };
		7B8E468B1BBAE0DC0081DCCB /* CourseraUITests.xctest */ = {isa = PBXFileReference; explicitFileType = wrapper.cfbundle; includeInIndex = 0; path = CourseraUITests.xctest; sourceTree = BUILT_PRODUCTS_DIR; };
		7B8E468F1BBAE0DC0081DCCB /* CourseraUITests.swift */ = {isa = PBXFileReference; lastKnownFileType = sourcecode.swift; path = CourseraUITests.swift; sourceTree = "<group>"; };
		7B8E46911BBAE0DC0081DCCB /* Info.plist */ = {isa = PBXFileReference; lastKnownFileType = text.plist.xml; path = Info.plist; sourceTree = "<group>"; };
		7BBF6FA11BBBF36900ADD0BA /* MainTabBar.swift */ = {isa = PBXFileReference; fileEncoding = 4; lastKnownFileType = sourcecode.swift; path = MainTabBar.swift; sourceTree = "<group>"; };
		7BC09BF91BBAF6EA003A4A0F /* MainViewController.swift */ = {isa = PBXFileReference; fileEncoding = 4; lastKnownFileType = sourcecode.swift; path = MainViewController.swift; sourceTree = "<group>"; };
		7BC09BFB1BBAF71A003A4A0F /* HomeTableViewController.swift */ = {isa = PBXFileReference; fileEncoding = 4; lastKnownFileType = sourcecode.swift; path = HomeTableViewController.swift; sourceTree = "<group>"; };
		7BC09BFD1BBAF742003A4A0F /* DiscoverTableViewController.swift */ = {isa = PBXFileReference; fileEncoding = 4; lastKnownFileType = sourcecode.swift; path = DiscoverTableViewController.swift; sourceTree = "<group>"; };
		7BC09BFF1BBAF751003A4A0F /* MessageTableViewController.swift */ = {isa = PBXFileReference; fileEncoding = 4; lastKnownFileType = sourcecode.swift; path = MessageTableViewController.swift; sourceTree = "<group>"; };
		7BC09C011BBAF761003A4A0F /* ProfileTableViewController.swift */ = {isa = PBXFileReference; fileEncoding = 4; lastKnownFileType = sourcecode.swift; path = ProfileTableViewController.swift; sourceTree = "<group>"; };
/* End PBXFileReference section */

/* Begin PBXFrameworksBuildPhase section */
		7B8E46691BBAE0DB0081DCCB /* Frameworks */ = {
			isa = PBXFrameworksBuildPhase;
			buildActionMask = 2147483647;
			files = (
			);
			runOnlyForDeploymentPostprocessing = 0;
		};
		7B8E467D1BBAE0DC0081DCCB /* Frameworks */ = {
			isa = PBXFrameworksBuildPhase;
			buildActionMask = 2147483647;
			files = (
			);
			runOnlyForDeploymentPostprocessing = 0;
		};
		7B8E46881BBAE0DC0081DCCB /* Frameworks */ = {
			isa = PBXFrameworksBuildPhase;
			buildActionMask = 2147483647;
			files = (
			);
			runOnlyForDeploymentPostprocessing = 0;
		};
/* End PBXFrameworksBuildPhase section */

/* Begin PBXGroup section */
		7B8E46631BBAE0DB0081DCCB = {
			isa = PBXGroup;
			children = (
				7B8E466E1BBAE0DC0081DCCB /* Coursera */,
				7B8E46831BBAE0DC0081DCCB /* CourseraTests */,
				7B8E468E1BBAE0DC0081DCCB /* CourseraUITests */,
				7B8E466D1BBAE0DC0081DCCB /* Products */,
			);
			sourceTree = "<group>";
		};
		7B8E466D1BBAE0DC0081DCCB /* Products */ = {
			isa = PBXGroup;
			children = (
				7B8E466C1BBAE0DC0081DCCB /* Coursera.app */,
				7B8E46801BBAE0DC0081DCCB /* CourseraTests.xctest */,
				7B8E468B1BBAE0DC0081DCCB /* CourseraUITests.xctest */,
			);
			name = Products;
			sourceTree = "<group>";
		};
		7B8E466E1BBAE0DC0081DCCB /* Coursera */ = {
			isa = PBXGroup;
			children = (
				7BC09BF01BBAF5EC003A4A0F /* Classes */,
				7B8E466F1BBAE0DC0081DCCB /* AppDelegate.swift */,
				7B8E46761BBAE0DC0081DCCB /* Assets.xcassets */,
				7B8E467B1BBAE0DC0081DCCB /* Info.plist */,
			);
			path = Coursera;
			sourceTree = "<group>";
		};
		7B8E46831BBAE0DC0081DCCB /* CourseraTests */ = {
			isa = PBXGroup;
			children = (
				7B8E46841BBAE0DC0081DCCB /* CourseraTests.swift */,
				7B8E46861BBAE0DC0081DCCB /* Info.plist */,
			);
			path = CourseraTests;
			sourceTree = "<group>";
		};
		7B8E468E1BBAE0DC0081DCCB /* CourseraUITests */ = {
			isa = PBXGroup;
			children = (
				7B8E468F1BBAE0DC0081DCCB /* CourseraUITests.swift */,
				7B8E46911BBAE0DC0081DCCB /* Info.plist */,
			);
			path = CourseraUITests;
			sourceTree = "<group>";
		};
		7BC09BF01BBAF5EC003A4A0F /* Classes */ = {
			isa = PBXGroup;
			children = (
				7BC09BF11BBAF5EC003A4A0F /* Model */,
				7BC09BF21BBAF5EC003A4A0F /* Module */,
				7BC09BF81BBAF5EC003A4A0F /* Tools */,
			);
			path = Classes;
			sourceTree = "<group>";
		};
		7BC09BF11BBAF5EC003A4A0F /* Model */ = {
			isa = PBXGroup;
			children = (
			);
			path = Model;
			sourceTree = "<group>";
		};
		7BC09BF21BBAF5EC003A4A0F /* Module */ = {
			isa = PBXGroup;
			children = (
				7BC09BF51BBAF5EC003A4A0F /* Main */,
				7BC09BF41BBAF5EC003A4A0F /* Home */,
				7BC09BF31BBAF5EC003A4A0F /* Discover */,
				7BC09BF61BBAF5EC003A4A0F /* Message */,
				7BC09BF71BBAF5EC003A4A0F /* Profile */,
			);
			path = Module;
			sourceTree = "<group>";
		};
		7BC09BF31BBAF5EC003A4A0F /* Discover */ = {
			isa = PBXGroup;
			children = (
				7BC09BFD1BBAF742003A4A0F /* DiscoverTableViewController.swift */,
			);
			path = Discover;
			sourceTree = "<group>";
		};
		7BC09BF41BBAF5EC003A4A0F /* Home */ = {
			isa = PBXGroup;
			children = (
				7BC09BFB1BBAF71A003A4A0F /* HomeTableViewController.swift */,
			);
			path = Home;
			sourceTree = "<group>";
		};
		7BC09BF51BBAF5EC003A4A0F /* Main */ = {
			isa = PBXGroup;
			children = (
				7BC09BF91BBAF6EA003A4A0F /* MainViewController.swift */,
				7BBF6FA11BBBF36900ADD0BA /* MainTabBar.swift */,
			);
			path = Main;
			sourceTree = "<group>";
		};
		7BC09BF61BBAF5EC003A4A0F /* Message */ = {
			isa = PBXGroup;
			children = (
				7BC09BFF1BBAF751003A4A0F /* MessageTableViewController.swift */,
			);
			path = Message;
			sourceTree = "<group>";
		};
		7BC09BF71BBAF5EC003A4A0F /* Profile */ = {
			isa = PBXGroup;
			children = (
				7BC09C011BBAF761003A4A0F /* ProfileTableViewController.swift */,
			);
			path = Profile;
			sourceTree = "<group>";
		};
		7BC09BF81BBAF5EC003A4A0F /* Tools */ = {
			isa = PBXGroup;
			children = (
			);
			path = Tools;
			sourceTree = "<group>";
		};
/* End PBXGroup section */

/* Begin PBXNativeTarget section */
		7B8E466B1BBAE0DB0081DCCB /* Coursera */ = {
			isa = PBXNativeTarget;
			buildConfigurationList = 7B8E46941BBAE0DC0081DCCB /* Build configuration list for PBXNativeTarget "Coursera" */;
			buildPhases = (
				7B8E46681BBAE0DB0081DCCB /* Sources */,
				7B8E46691BBAE0DB0081DCCB /* Frameworks */,
				7B8E466A1BBAE0DB0081DCCB /* Resources */,
			);
			buildRules = (
			);
			dependencies = (
			);
			name = Coursera;
			productName = Coursera;
			productReference = 7B8E466C1BBAE0DC0081DCCB /* Coursera.app */;
			productType = "com.apple.product-type.application";
		};
		7B8E467F1BBAE0DC0081DCCB /* CourseraTests */ = {
			isa = PBXNativeTarget;
			buildConfigurationList = 7B8E46971BBAE0DC0081DCCB /* Build configuration list for PBXNativeTarget "CourseraTests" */;
			buildPhases = (
				7B8E467C1BBAE0DC0081DCCB /* Sources */,
				7B8E467D1BBAE0DC0081DCCB /* Frameworks */,
				7B8E467E1BBAE0DC0081DCCB /* Resources */,
			);
			buildRules = (
			);
			dependencies = (
				7B8E46821BBAE0DC0081DCCB /* PBXTargetDependency */,
			);
			name = CourseraTests;
			productName = CourseraTests;
			productReference = 7B8E46801BBAE0DC0081DCCB /* CourseraTests.xctest */;
			productType = "com.apple.product-type.bundle.unit-test";
		};
		7B8E468A1BBAE0DC0081DCCB /* CourseraUITests */ = {
			isa = PBXNativeTarget;
			buildConfigurationList = 7B8E469A1BBAE0DC0081DCCB /* Build configuration list for PBXNativeTarget "CourseraUITests" */;
			buildPhases = (
				7B8E46871BBAE0DC0081DCCB /* Sources */,
				7B8E46881BBAE0DC0081DCCB /* Frameworks */,
				7B8E46891BBAE0DC0081DCCB /* Resources */,
			);
			buildRules = (
			);
			dependencies = (
				7B8E468D1BBAE0DC0081DCCB /* PBXTargetDependency */,
			);
			name = CourseraUITests;
			productName = CourseraUITests;
			productReference = 7B8E468B1BBAE0DC0081DCCB /* CourseraUITests.xctest */;
			productType = "com.apple.product-type.bundle.ui-testing";
		};
/* End PBXNativeTarget section */

/* Begin PBXProject section */
		7B8E46641BBAE0DB0081DCCB /* Project object */ = {
			isa = PBXProject;
			attributes = {
				LastUpgradeCheck = 0700;
				ORGANIZATIONNAME = okerivy;
				TargetAttributes = {
					7B8E466B1BBAE0DB0081DCCB = {
						CreatedOnToolsVersion = 7.0;
					};
					7B8E467F1BBAE0DC0081DCCB = {
						CreatedOnToolsVersion = 7.0;
						TestTargetID = 7B8E466B1BBAE0DB0081DCCB;
					};
					7B8E468A1BBAE0DC0081DCCB = {
						CreatedOnToolsVersion = 7.0;
						TestTargetID = 7B8E466B1BBAE0DB0081DCCB;
					};
				};
			};
			buildConfigurationList = 7B8E46671BBAE0DB0081DCCB /* Build configuration list for PBXProject "Coursera" */;
			compatibilityVersion = "Xcode 3.2";
			developmentRegion = English;
			hasScannedForEncodings = 0;
			knownRegions = (
				en,
				Base,
			);
			mainGroup = 7B8E46631BBAE0DB0081DCCB;
			productRefGroup = 7B8E466D1BBAE0DC0081DCCB /* Products */;
			projectDirPath = "";
			projectRoot = "";
			targets = (
				7B8E466B1BBAE0DB0081DCCB /* Coursera */,
				7B8E467F1BBAE0DC0081DCCB /* CourseraTests */,
				7B8E468A1BBAE0DC0081DCCB /* CourseraUITests */,
			);
		};
/* End PBXProject section */

/* Begin PBXResourcesBuildPhase section */
		7B8E466A1BBAE0DB0081DCCB /* Resources */ = {
			isa = PBXResourcesBuildPhase;
			buildActionMask = 2147483647;
			files = (
				7B8E46771BBAE0DC0081DCCB /* Assets.xcassets in Resources */,
			);
			runOnlyForDeploymentPostprocessing = 0;
		};
		7B8E467E1BBAE0DC0081DCCB /* Resources */ = {
			isa = PBXResourcesBuildPhase;
			buildActionMask = 2147483647;
			files = (
			);
			runOnlyForDeploymentPostprocessing = 0;
		};
		7B8E46891BBAE0DC0081DCCB /* Resources */ = {
			isa = PBXResourcesBuildPhase;
			buildActionMask = 2147483647;
			files = (
			);
			runOnlyForDeploymentPostprocessing = 0;
		};
/* End PBXResourcesBuildPhase section */

/* Begin PBXSourcesBuildPhase section */
		7B8E46681BBAE0DB0081DCCB /* Sources */ = {
			isa = PBXSourcesBuildPhase;
			buildActionMask = 2147483647;
			files = (
				7BC09C021BBAF761003A4A0F /* ProfileTableViewController.swift in Sources */,
				7BC09BFC1BBAF71A003A4A0F /* HomeTableViewController.swift in Sources */,
				7BBF6FA21BBBF36900ADD0BA /* MainTabBar.swift in Sources */,
				7BC09BFA1BBAF6EA003A4A0F /* MainViewController.swift in Sources */,
				7BC09BFE1BBAF742003A4A0F /* DiscoverTableViewController.swift in Sources */,
				7BC09C001BBAF751003A4A0F /* MessageTableViewController.swift in Sources */,
				7B8E46701BBAE0DC0081DCCB /* AppDelegate.swift in Sources */,
			);
			runOnlyForDeploymentPostprocessing = 0;
		};
		7B8E467C1BBAE0DC0081DCCB /* Sources */ = {
			isa = PBXSourcesBuildPhase;
			buildActionMask = 2147483647;
			files = (
				7B8E46851BBAE0DC0081DCCB /* CourseraTests.swift in Sources */,
			);
			runOnlyForDeploymentPostprocessing = 0;
		};
		7B8E46871BBAE0DC0081DCCB /* Sources */ = {
			isa = PBXSourcesBuildPhase;
			buildActionMask = 2147483647;
			files = (
				7B8E46901BBAE0DC0081DCCB /* CourseraUITests.swift in Sources */,
			);
			runOnlyForDeploymentPostprocessing = 0;
		};
/* End PBXSourcesBuildPhase section */

/* Begin PBXTargetDependency section */
		7B8E46821BBAE0DC0081DCCB /* PBXTargetDependency */ = {
			isa = PBXTargetDependency;
			target = 7B8E466B1BBAE0DB0081DCCB /* Coursera */;
			targetProxy = 7B8E46811BBAE0DC0081DCCB /* PBXContainerItemProxy */;
		};
		7B8E468D1BBAE0DC0081DCCB /* PBXTargetDependency */ = {
			isa = PBXTargetDependency;
			target = 7B8E466B1BBAE0DB0081DCCB /* Coursera */;
			targetProxy = 7B8E468C1BBAE0DC0081DCCB /* PBXContainerItemProxy */;
		};
/* End PBXTargetDependency section */

/* Begin XCBuildConfiguration section */
		7B8E46921BBAE0DC0081DCCB /* Debug */ = {
			isa = XCBuildConfiguration;
			buildSettings = {
				ALWAYS_SEARCH_USER_PATHS = NO;
				CLANG_CXX_LANGUAGE_STANDARD = "gnu++0x";
				CLANG_CXX_LIBRARY = "libc++";
				CLANG_ENABLE_MODULES = YES;
				CLANG_ENABLE_OBJC_ARC = YES;
				CLANG_WARN_BOOL_CONVERSION = YES;
				CLANG_WARN_CONSTANT_CONVERSION = YES;
				CLANG_WARN_DIRECT_OBJC_ISA_USAGE = YES_ERROR;
				CLANG_WARN_EMPTY_BODY = YES;
				CLANG_WARN_ENUM_CONVERSION = YES;
				CLANG_WARN_INT_CONVERSION = YES;
				CLANG_WARN_OBJC_ROOT_CLASS = YES_ERROR;
				CLANG_WARN_UNREACHABLE_CODE = YES;
				CLANG_WARN__DUPLICATE_METHOD_MATCH = YES;
				"CODE_SIGN_IDENTITY[sdk=iphoneos*]" = "iPhone Developer";
				COPY_PHASE_STRIP = NO;
				DEBUG_INFORMATION_FORMAT = dwarf;
				ENABLE_STRICT_OBJC_MSGSEND = YES;
				ENABLE_TESTABILITY = YES;
				GCC_C_LANGUAGE_STANDARD = gnu99;
				GCC_DYNAMIC_NO_PIC = NO;
				GCC_NO_COMMON_BLOCKS = YES;
				GCC_OPTIMIZATION_LEVEL = 0;
				GCC_PREPROCESSOR_DEFINITIONS = (
					"DEBUG=1",
					"$(inherited)",
				);
				GCC_WARN_64_TO_32_BIT_CONVERSION = YES;
				GCC_WARN_ABOUT_RETURN_TYPE = YES_ERROR;
				GCC_WARN_UNDECLARED_SELECTOR = YES;
				GCC_WARN_UNINITIALIZED_AUTOS = YES_AGGRESSIVE;
				GCC_WARN_UNUSED_FUNCTION = YES;
				GCC_WARN_UNUSED_VARIABLE = YES;
				IPHONEOS_DEPLOYMENT_TARGET = 8.0;
				MTL_ENABLE_DEBUG_INFO = YES;
				ONLY_ACTIVE_ARCH = YES;
				SDKROOT = iphoneos;
				SWIFT_OPTIMIZATION_LEVEL = "-Onone";
			};
			name = Debug;
		};
		7B8E46931BBAE0DC0081DCCB /* Release */ = {
			isa = XCBuildConfiguration;
			buildSettings = {
				ALWAYS_SEARCH_USER_PATHS = NO;
				CLANG_CXX_LANGUAGE_STANDARD = "gnu++0x";
				CLANG_CXX_LIBRARY = "libc++";
				CLANG_ENABLE_MODULES = YES;
				CLANG_ENABLE_OBJC_ARC = YES;
				CLANG_WARN_BOOL_CONVERSION = YES;
				CLANG_WARN_CONSTANT_CONVERSION = YES;
				CLANG_WARN_DIRECT_OBJC_ISA_USAGE = YES_ERROR;
				CLANG_WARN_EMPTY_BODY = YES;
				CLANG_WARN_ENUM_CONVERSION = YES;
				CLANG_WARN_INT_CONVERSION = YES;
				CLANG_WARN_OBJC_ROOT_CLASS = YES_ERROR;
				CLANG_WARN_UNREACHABLE_CODE = YES;
				CLANG_WARN__DUPLICATE_METHOD_MATCH = YES;
				"CODE_SIGN_IDENTITY[sdk=iphoneos*]" = "iPhone Developer";
				COPY_PHASE_STRIP = NO;
				DEBUG_INFORMATION_FORMAT = "dwarf-with-dsym";
				ENABLE_NS_ASSERTIONS = NO;
				ENABLE_STRICT_OBJC_MSGSEND = YES;
				GCC_C_LANGUAGE_STANDARD = gnu99;
				GCC_NO_COMMON_BLOCKS = YES;
				GCC_WARN_64_TO_32_BIT_CONVERSION = YES;
				GCC_WARN_ABOUT_RETURN_TYPE = YES_ERROR;
				GCC_WARN_UNDECLARED_SELECTOR = YES;
				GCC_WARN_UNINITIALIZED_AUTOS = YES_AGGRESSIVE;
				GCC_WARN_UNUSED_FUNCTION = YES;
				GCC_WARN_UNUSED_VARIABLE = YES;
				IPHONEOS_DEPLOYMENT_TARGET = 8.0;
				MTL_ENABLE_DEBUG_INFO = NO;
				SDKROOT = iphoneos;
				VALIDATE_PRODUCT = YES;
			};
			name = Release;
		};
		7B8E46951BBAE0DC0081DCCB /* Debug */ = {
			isa = XCBuildConfiguration;
			buildSettings = {
				ASSETCATALOG_COMPILER_APPICON_NAME = AppIcon;
				ASSETCATALOG_COMPILER_LAUNCHIMAGE_NAME = BrandAsset;
				INFOPLIST_FILE = Coursera/Info.plist;
				IPHONEOS_DEPLOYMENT_TARGET = 8.0;
				LD_RUNPATH_SEARCH_PATHS = "$(inherited) @executable_path/Frameworks";
				PRODUCT_BUNDLE_IDENTIFIER = com.okerivy.Coursera;
				PRODUCT_NAME = "$(TARGET_NAME)";
			};
			name = Debug;
		};
		7B8E46961BBAE0DC0081DCCB /* Release */ = {
			isa = XCBuildConfiguration;
			buildSettings = {
				ASSETCATALOG_COMPILER_APPICON_NAME = AppIcon;
				ASSETCATALOG_COMPILER_LAUNCHIMAGE_NAME = BrandAsset;
				INFOPLIST_FILE = Coursera/Info.plist;
				IPHONEOS_DEPLOYMENT_TARGET = 8.0;
				LD_RUNPATH_SEARCH_PATHS = "$(inherited) @executable_path/Frameworks";
				PRODUCT_BUNDLE_IDENTIFIER = com.okerivy.Coursera;
				PRODUCT_NAME = "$(TARGET_NAME)";
			};
			name = Release;
		};
		7B8E46981BBAE0DC0081DCCB /* Debug */ = {
			isa = XCBuildConfiguration;
			buildSettings = {
				BUNDLE_LOADER = "$(TEST_HOST)";
				INFOPLIST_FILE = CourseraTests/Info.plist;
				LD_RUNPATH_SEARCH_PATHS = "$(inherited) @executable_path/Frameworks @loader_path/Frameworks";
				PRODUCT_BUNDLE_IDENTIFIER = com.okerivy.CourseraTests;
				PRODUCT_NAME = "$(TARGET_NAME)";
				TEST_HOST = "$(BUILT_PRODUCTS_DIR)/Coursera.app/Coursera";
			};
			name = Debug;
		};
		7B8E46991BBAE0DC0081DCCB /* Release */ = {
			isa = XCBuildConfiguration;
			buildSettings = {
				BUNDLE_LOADER = "$(TEST_HOST)";
				INFOPLIST_FILE = CourseraTests/Info.plist;
				LD_RUNPATH_SEARCH_PATHS = "$(inherited) @executable_path/Frameworks @loader_path/Frameworks";
				PRODUCT_BUNDLE_IDENTIFIER = com.okerivy.CourseraTests;
				PRODUCT_NAME = "$(TARGET_NAME)";
				TEST_HOST = "$(BUILT_PRODUCTS_DIR)/Coursera.app/Coursera";
			};
			name = Release;
		};
		7B8E469B1BBAE0DC0081DCCB /* Debug */ = {
			isa = XCBuildConfiguration;
			buildSettings = {
				INFOPLIST_FILE = CourseraUITests/Info.plist;
				LD_RUNPATH_SEARCH_PATHS = "$(inherited) @executable_path/Frameworks @loader_path/Frameworks";
				PRODUCT_BUNDLE_IDENTIFIER = com.okerivy.CourseraUITests;
				PRODUCT_NAME = "$(TARGET_NAME)";
				TEST_TARGET_NAME = Coursera;
				USES_XCTRUNNER = YES;
			};
			name = Debug;
		};
		7B8E469C1BBAE0DC0081DCCB /* Release */ = {
			isa = XCBuildConfiguration;
			buildSettings = {
				INFOPLIST_FILE = CourseraUITests/Info.plist;
				LD_RUNPATH_SEARCH_PATHS = "$(inherited) @executable_path/Frameworks @loader_path/Frameworks";
				PRODUCT_BUNDLE_IDENTIFIER = com.okerivy.CourseraUITests;
				PRODUCT_NAME = "$(TARGET_NAME)";
				TEST_TARGET_NAME = Coursera;
				USES_XCTRUNNER = YES;
			};
			name = Release;
		};
/* End XCBuildConfiguration section */

/* Begin XCConfigurationList section */
		7B8E46671BBAE0DB0081DCCB /* Build configuration list for PBXProject "Coursera" */ = {
			isa = XCConfigurationList;
			buildConfigurations = (
				7B8E46921BBAE0DC0081DCCB /* Debug */,
				7B8E46931BBAE0DC0081DCCB /* Release */,
			);
			defaultConfigurationIsVisible = 0;
			defaultConfigurationName = Release;
		};
		7B8E46941BBAE0DC0081DCCB /* Build configuration list for PBXNativeTarget "Coursera" */ = {
			isa = XCConfigurationList;
			buildConfigurations = (
				7B8E46951BBAE0DC0081DCCB /* Debug */,
				7B8E46961BBAE0DC0081DCCB /* Release */,
			);
			defaultConfigurationIsVisible = 0;
			defaultConfigurationName = Release;
		};
		7B8E46971BBAE0DC0081DCCB /* Build configuration list for PBXNativeTarget "CourseraTests" */ = {
			isa = XCConfigurationList;
			buildConfigurations = (
				7B8E46981BBAE0DC0081DCCB /* Debug */,
				7B8E46991BBAE0DC0081DCCB /* Release */,
			);
			defaultConfigurationIsVisible = 0;
			defaultConfigurationName = Release;
		};
		7B8E469A1BBAE0DC0081DCCB /* Build configuration list for PBXNativeTarget "CourseraUITests" */ = {
			isa = XCConfigurationList;
			buildConfigurations = (
				7B8E469B1BBAE0DC0081DCCB /* Debug */,
				7B8E469C1BBAE0DC0081DCCB /* Release */,
			);
			defaultConfigurationIsVisible = 0;
			defaultConfigurationName = Release;
		};
/* End XCConfigurationList section */
	};
	rootObject = 7B8E46641BBAE0DB0081DCCB /* Project object */;
}
